github.com/aws/aws-sdk-go-v2 v1.17.1 h1:02c72fDJr87N8RAC2s3Qu0YuvMRZKNZJ9F+lAehCazk=
github.com/aws/aws-sdk-go-v2 v1.17.1/go.mod h1:JLnGeGONAyi2lWXI1p0PCIOIy333JMVK1U7Hf0aRFLw=
github.com/aws/aws-sdk-go-v2 v1.18.0 h1:882kkTpSFhdgYRKVZ/VCgf7sd0ru57p2JCxz4/oN5RY=
github.com/aws/aws-sdk-go-v2 v1.18.0/go.mod h1:uzbQtefpm44goOPmdKyAlXSNcwlRgF3ePWVW6EtJvvw=
github.com/aws/aws-sdk-go-v2/aws/protocol/eventstream v1.4.9 h1:RKci2D7tMwpvGpDNZnGQw9wk6v7o/xSwFcUAuNPoB8k=
github.com/aws/aws-sdk-go-v2/aws/protocol/eventstream v1.4.9/go.mod h1:vCmV1q1VK8eoQJ5+aYE7PkK1K6v41qJ5pJdK3ggCDvg=
github.com/aws/aws-sdk-go-v2/aws/protocol/eventstream v1.4.10 h1:dK82zF6kkPeCo8J1e+tGx4JdvDIQzj7ygIoLg8WMuGs=
github.com/aws/aws-sdk-go-v2/aws/protocol/eventstream v1.4.10/go.mod h1:VeTZetY5KRJLuD/7fkQXMU6Mw7H5m/KP2J5Iy9osMno=
github.com/aws/aws-sdk-go-v2/internal/configsources v1.1.25 h1:nBO/RFxeq/IS5G9Of+ZrgucRciie2qpLy++3UGZ+q2E=
github.com/aws/aws-sdk-go-v2/internal/configsources v1.1.25/go.mod h1:Zb29PYkf42vVYQY6pvSyJCJcFHlPIiY+YKdPtwnvMkY=
github.com/aws/aws-sdk-go-v2/internal/configsources v1.1.33 h1:kG5eQilShqmJbv11XL1VpyDbaEJzWxd4zRiCG30GSn4=
github.com/aws/aws-sdk-go-v2/internal/configsources v1.1.33/go.mod h1:7i0PF1ME/2eUPFcjkVIwq+DOygHEoK92t5cDqNgYbIw=
github.com/aws/aws-sdk-go-v2/internal/endpoints/v2 v2.4.19 h1:oRHDrwCTVT8ZXi4sr9Ld+EXk7N/KGssOr2ygNeojEhw=
github.com/aws/aws-sdk-go-v2/internal/endpoints/v2 v2.4.19/go.mod h1:6Q0546uHDp421okhmmGfbxzq2hBqbXFNpi4k+Q1JnQA=
github.com/aws/aws-sdk-go-v2/internal/endpoints/v2 v2.4.27 h1:vFQlirhuM8lLlpI7imKOMsjdQLuN9CPi+k44F/OFVsk=
github.com/aws/aws-sdk-go-v2/internal/endpoints/v2 v2.4.27/go.mod h1:UrHnn3QV/d0pBZ6QBAEQcqFLf8FAzLmoUfPVIueOvoM=
github.com/aws/aws-sdk-go-v2/internal/v4a v1.0.16 h1:2EXB7dtGwRYIN3XQ9qwIW504DVbKIw3r89xQnonGdsQ=
github.com/aws/aws-sdk-go-v2/internal/v4a v1.0.16/go.mod h1:XH+3h395e3WVdd6T2Z3mPxuI+x/HVtdqVOREkTiyubs=
github.com/aws/aws-sdk-go-v2/internal/v4a v1.0.25 h1:AzwRi5OKKwo4QNqPf7TjeO+tK8AyOK3GVSwmRPo7/Cs=
github.com/aws/aws-sdk-go-v2/internal/v4a v1.0.25/go.mod h1:SUbB4wcbSEyCvqBxv/O/IBf93RbEze7U7OnoTlpPB+g=
github.com/aws/aws-sdk-go-v2/service/internal/accept-encoding v1.9.10 h1:dpiPHgmFstgkLG07KaYAewvuptq5kvo52xn7tVSrtrQ=
github.com/aws/aws-sdk-go-v2/service/internal/accept-encoding v1.9.10/go.mod h1:9cBNUHI2aW4ho0A5T87O294iPDuuUOSIEDjnd1Lq/z0=
github.com/aws/aws-sdk-go-v2/service/internal/accept-encoding v1.9.11 h1:y2+VQzC6Zh2ojtV2LoC0MNwHWc6qXv/j2vrQtlftkdA=
github.com/aws/aws-sdk-go-v2/service/internal/accept-encoding v1.9.11/go.mod h1:iV4q2hsqtNECrfmlXyord9u4zyuFEJX9eLgLpSPzWA8=
github.com/aws/aws-sdk-go-v2/service/internal/checksum v1.1.20 h1:KSvtm1+fPXE0swe9GPjc6msyrdTT0LB/BP8eLugL1FI=
github.com/aws/aws-sdk-go-v2/service/internal/checksum v1.1.20/go.mod h1:Mp4XI/CkWGD79AQxZ5lIFlgvC0A+gl+4BmyG1F+SfNc=
github.com/aws/aws-sdk-go-v2/service/internal/checksum v1.1.28 h1:vGWm5vTpMr39tEZfQeDiDAMgk+5qsnvRny3FjLpnH5w=
github.com/aws/aws-sdk-go-v2/service/internal/checksum v1.1.28/go.mod h1:spfrICMD6wCAhjhzHuy6DOZZ+LAIY10UxhUmLzpJTTs=
github.com/aws/aws-sdk-go-v2/service/internal/presigned-url v1.9.19 h1:GE25AWCdNUPh9AOJzI9KIJnja7IwUc1WyUqz/JTyJ/I=
github.com/aws/aws-sdk-go-v2/service/internal/presigned-url v1.9.19/go.mod h1:02CP6iuYP+IVnBX5HULVdSAku/85eHB2Y9EsFhrkEwU=
github.com/aws/aws-sdk-go-v2/service/internal/presigned-url v1.9.27 h1:0iKliEXAcCa2qVtRs7Ot5hItA2MsufrphbRFlz1Owxo=
github.com/aws/aws-sdk-go-v2/service/internal/presigned-url v1.9.27/go.mod h1:EOwBD4J4S5qYszS5/3DpkejfuK+Z5/1uzICfPaZLtqw=
github.com/aws/aws-sdk-go-v2/service/internal/s3shared v1.13.19 h1:piDBAaWkaxkkVV3xJJbTehXCZRXYs49kvpi/LG6LR2o=
github.com/aws/aws-sdk-go-v2/service/internal/s3shared v1.13.19/go.mod h1:BmQWRVkLTmyNzYPFAZgon53qKLWBNSvonugD1MrSWUs=
github.com/aws/aws-sdk-go-v2/service/internal/s3shared v1.14.2 h1:NbWkRxEEIRSCqxhsHQuMiTH7yo+JZW1gp8v3elSVMTQ=
github.com/aws/aws-sdk-go-v2/service/internal/s3shared v1.14.2/go.mod h1:4tfW5l4IAB32VWCDEBxCRtR9T4BWy4I4kr1spr8NgZM=
github.com/aws/aws-sdk-go-v2/service/s3 v1.29.1 h1:/EMdFPW/Ppieh0WUtQf1+qCGNLdsq5UWUyevBQ6vMVc=
github.com/aws/aws-sdk-go-v2/service/s3 v1.29.1/go.mod h1:/NHbqPRiwxSPVOB2Xr+StDEH+GWV/64WwnUjv4KYzV0=
github.com/aws/aws-sdk-go-v2/service/s3 v1.33.1 h1:O+9nAy9Bb6bJFTpeNFtd9UfHbgxO1o4ZDAM9rQp5NsY=
github.com/aws/aws-sdk-go-v2/service/s3 v1.33.1/go.mod h1:J9kLNzEiHSeGMyN7238EjJmBpCniVzFda75Gxl/NqB8=
github.com/aws/smithy-go v1.13.4 h1:/RN2z1txIJWeXeOkzX+Hk/4Uuvv7dWtCjbmVJcrskyk=
github.com/aws/smithy-go v1.13.4/go.mod h1:Tg+OJXh4MB2R/uN61Ko2f6hTZwB/ZYGOtib8J3gBHzA=
github.com/aws/smithy-go v1.13.5 h1:hgz0X/DX0dGqTYpGALqXJoRKRj5oQ7150i5FdTePzO8=
github.com/aws/smithy-go v1.13.5/go.mod h1:Tg+OJXh4MB2R/uN61Ko2f6hTZwB/ZYGOtib8J3gBHzA=
github.com/davecgh/go-spew v1.1.0/go.mod h1:J7Y8YcW2NihsgmVo/mv3lAwl/skON4iLHjSsI+c5H38=
github.com/davecgh/go-spew v1.1.1 h1:vj9j/u1bqnvCEfJOwUhtlOARqs3+rkHYY13jYWTU97c=
github.com/davecgh/go-spew v1.1.1/go.mod h1:J7Y8YcW2NihsgmVo/mv3lAwl/skON4iLHjSsI+c5H38=
github.com/emicklei/dot v1.0.0 h1:yyObALINBOuI1GdCRwVea2IPtGtVgh0NQgJDrE03Tqc=
github.com/emicklei/dot v1.0.0/go.mod h1:DeV7GvQtIw4h2u73RKBkkFdvVAz0D9fzeJrgPW6gy/s=
github.com/emicklei/dot v1.4.2 h1:UbK6gX4yvrpHKlxuUQicwoAis4zl8Dzwit9SnbBAXWw=
github.com/emicklei/dot v1.4.2/go.mod h1:DeV7GvQtIw4h2u73RKBkkFdvVAz0D9fzeJrgPW6gy/s=
github.com/fatih/color v1.13.0 h1:8LOYc1KYPPmyKMuN8QV2DNRWNbLo6LZ0iLs8+mlH53w=
github.com/fatih/color v1.13.0/go.mod h1:kLAiJbzzSOZDVNGyDpeOxJ47H46qBXwg5ILebYFFOfk=
github.com/fatih/color v1.15.0 h1:kOqh6YHBtK8aywxGerMG2Eq3H6Qgoqeo13Bk2Mv/nBs=
github.com/fatih/color v1.15.0/go.mod h1:0h5ZqXfHYED7Bhv2ZJamyIOUej9KtShiJESRwBDUSsw=
github.com/google/go-cmp v0.5.8 h1:e6P7q2lk1O+qJJb4BtCQXlK8vWEO8V1ZeuEdJNOqZyg=
github.com/google/go-cmp v0.5.8/go.mod h1:17dUlkBOakJ0+DkrSSNjCkIjxS6bF9zb3elmeNGIjoY=
github.com/gosimple/slug v1.13.1 h1:bQ+kpX9Qa6tHRaK+fZR0A0M2Kd7Pa5eHPPsb1JpHD+Q=
github.com/gosimple/slug v1.13.1/go.mod h1:UiRaFH+GEilHstLUmcBgWcI42viBN7mAb818JrYOeFQ=
github.com/gosimple/unidecode v1.0.1 h1:hZzFTMMqSswvf0LBJZCZgThIZrpDHFXux9KeGmn6T/o=
github.com/gosimple/unidecode v1.0.1/go.mod h1:CP0Cr1Y1kogOtx0bJblKzsVWrqYaqfNOnHzpgWw4Awc=
github.com/jedib0t/go-pretty/v6 v6.4.0 h1:YlI/2zYDrweA4MThiYMKtGRfT+2qZOO65ulej8GTcVI=
github.com/jedib0t/go-pretty/v6 v6.4.0/go.mod h1:MgmISkTWDSFu0xOqiZ0mKNntMQ2mDgOcwOkwBEkMDJI=
github.com/jedib0t/go-pretty/v6 v6.4.6 h1:v6aG9h6Uby3IusSSEjHaZNXpHFhzqMmjXcPq1Rjl9Jw=
github.com/jedib0t/go-pretty/v6 v6.4.6/go.mod h1:Ndk3ase2CkQbXLLNf5QDHoYb6J9WtVfmHZu9n8rk2xs=
github.com/jmespath/go-jmespath v0.4.0/go.mod h1:T8mJZnbsbmF+m6zOOFylbeCJqk5+pHWvzYPziyZiYoo=
github.com/jmespath/go-jmespath/internal/testify v1.5.1/go.mod h1:L3OGu8Wl2/fWfCI6z80xFu9LTZmf1ZRjMHUOPmWr69U=
github.com/mattn/go-colorable v0.1.9/go.mod h1:u6P/XSegPjTcexA+o6vUJrdnUu04hMope9wVRipJSqc=
github.com/mattn/go-colorable v0.1.13 h1:fFA4WZxdEF4tXPZVKMLwD8oUnCTTo08duU7wxecdEvA=
github.com/mattn/go-colorable v0.1.13/go.mod h1:7S9/ev0klgBDR4GtXTXX8a3vIGJpMovkB8vQcUbaXHg=
github.com/mattn/go-isatty v0.0.12/go.mod h1:cbi8OIDigv2wuxKPP5vlRcQ1OAZbq2CE4Kysco4FUpU=
github.com/mattn/go-isatty v0.0.14/go.mod h1:7GGIvUiUoEMVVmxf/4nioHXj79iQHKdU27kJ6hsGG94=
github.com/mattn/go-isatty v0.0.16 h1:bq3VjFmv/sOjHtdEhmkEV4x1AJtvUvOJ2PFAZ5+peKQ=
github.com/mattn/go-isatty v0.0.16/go.mod h1:kYGgaQfpe5nmfYZH+SKPsOc2e4SrIfOl2e/yFXSvRLM=
github.com/mattn/go-isatty v0.0.18 h1:DOKFKCQ7FNG2L1rbrmstDN4QVRdS89Nkh85u68Uwp98=
github.com/mattn/go-isatty v0.0.18/go.mod h1:W+V8PltTTMOvKvAeJH7IuucS94S2C6jfK/D7dTCTo3Y=
github.com/mattn/go-runewidth v0.0.13/go.mod h1:Jdepj2loyihRzMpdS35Xk/zdY8IAYHsh153qUoGf23w=
github.com/mattn/go-runewidth v0.0.14 h1:+xnbZSEeDbOIg5/mE6JF0w6n9duR1l3/WmbinWVwUuU=
github.com/mattn/go-runewidth v0.0.14/go.mod h1:Jdepj2loyihRzMpdS35Xk/zdY8IAYHsh153qUoGf23w=
github.com/pkg/profile v1.6.0/go.mod h1:qBsxPvzyUincmltOk6iyRVxHYg4adc0OFOv72ZdLa18=
github.com/pmezard/go-difflib v1.0.0 h1:4DBwDE0NGyQoBHbLQYPwSUPoCMWR5BEzIk/f1lZbAQM=
github.com/pmezard/go-difflib v1.0.0/go.mod h1:iKH77koFhYxTK1pcRnkKkqfTogsbg7gZNVY4sRDYZ/4=
github.com/rivo/uniseg v0.2.0/go.mod h1:J6wj4VEh+S6ZtnVlnTBMWIodfgj8LQOQFoIToxlJtxc=
github.com/rivo/uniseg v0.4.2 h1:YwD0ulJSJytLpiaWua0sBDusfsCZohxjxzVTYjwxfV8=
github.com/rivo/uniseg v0.4.2/go.mod h1:FN3SvrM+Zdj16jyLfmOkMNblXMcoc8DfTHruCPUcx88=
github.com/rivo/uniseg v0.4.4 h1:8TfxU8dW6PdqD27gjM8MVNuicgxIjxpm4K7x4jp8sis=
github.com/rivo/uniseg v0.4.4/go.mod h1:FN3SvrM+Zdj16jyLfmOkMNblXMcoc8DfTHruCPUcx88=
github.com/stretchr/objx v0.1.0/go.mod h1:HFkY916IF+rwdDfMAkV7OtwuqBVzrE8GR6GFx+wExME=
github.com/stretchr/objx v0.4.0/go.mod h1:YvHI0jy2hoMjB+UWwv71VJQ9isScKT/TqJzVSSt89Yw=
github.com/stretchr/testify v1.7.1/go.mod h1:6Fq8oRcR53rry900zMqJjRRixrwX3KX962/h/Wwjteg=
github.com/stretchr/testify v1.7.4 h1:wZRexSlwd7ZXfKINDLsO4r7WBt3gTKONc6K/VesHvHM=
github.com/stretchr/testify v1.7.4/go.mod h1:yNjHg4UonilssWZ8iaSj1OCr/vHnekPRkoO+kdMU+MU=
golang.org/x/sys v0.0.0-20190412213103-97732733099d/go.mod h1:h1NjWce9XRLGQEsW7wpKNCjG9DtNlClVuFLEZdDNbEs=
golang.org/x/sys v0.0.0-20200116001909-b77594299b42/go.mod h1:h1NjWce9XRLGQEsW7wpKNCjG9DtNlClVuFLEZdDNbEs=
golang.org/x/sys v0.0.0-20200223170610-d5e6a3e2c0ae/go.mod h1:h1NjWce9XRLGQEsW7wpKNCjG9DtNlClVuFLEZdDNbEs=
golang.org/x/sys v0.0.0-20210630005230-0f9fa26af87c/go.mod h1:oPkhp1MJrh7nUepCBck5+mAzfO9JrbApNNgaTdGDITg=
golang.org/x/sys v0.0.0-20220811171246-fbc7d0a398ab/go.mod h1:oPkhp1MJrh7nUepCBck5+mAzfO9JrbApNNgaTdGDITg=
golang.org/x/sys v0.1.0 h1:kunALQeHf1/185U1i0GOB/fy1IPRDDpuoOOqRReG57U=
golang.org/x/sys v0.1.0/go.mod h1:oPkhp1MJrh7nUepCBck5+mAzfO9JrbApNNgaTdGDITg=
golang.org/x/sys v0.6.0/go.mod h1:oPkhp1MJrh7nUepCBck5+mAzfO9JrbApNNgaTdGDITg=
golang.org/x/sys v0.8.0 h1:EBmGv8NaZBZTWvrbjNoL6HVt+IVy3QDQpJs7VRIw3tU=
golang.org/x/sys v0.8.0/go.mod h1:oPkhp1MJrh7nUepCBck5+mAzfO9JrbApNNgaTdGDITg=
gopkg.in/check.v1 v0.0.0-20161208181325-20d25e280405 h1:yhCVgyC4o1eVCa2tZl7eS0r+SDo693bJlVdllGtEeKM=
gopkg.in/check.v1 v0.0.0-20161208181325-20d25e280405/go.mod h1:Co6ibVJAznAaIkqp8huTwlJQCZ016jof/cbN4VW5Yz0=
gopkg.in/yaml.v2 v2.2.8/go.mod h1:hI93XBmqTisBFMUTm0b8Fm+jr3Dg1NNxqwp+5A1VGuI=
gopkg.in/yaml.v3 v3.0.0-20200313102051-9f266ea9e77c/go.mod h1:K4uyk7z7BCEPqu6E+C64Yfv1cQ7kz7rIZviUmN+EgEM=
gopkg.in/yaml.v3 v3.0.1 h1:fxVm/GzAzEWqLHuvctI91KS9hhNmmWOoWu0XTYJS7CA=
gopkg.in/yaml.v3 v3.0.1/go.mod h1:K4uyk7z7BCEPqu6E+C64Yfv1cQ7kz7rIZviUmN+EgEM=
